
Microsoft Visual Studio Solution File, Format Version 12.00
# Visual Studio 15
VisualStudioVersion = 15.0.26730.16
MinimumVisualStudioVersion = 10.0.40219.1
Project("{8BC9CEB8-8B4A-11D0-8D11-00A0C91BC942}") = "Spiel", "Spiel\Spiel.vcxproj", "{CA3F8794-0442-429C-B558-B2004116171B}"
EndProject
Global
	GlobalSection(SolutionConfigurationPlatforms) = preSolution
		Debug|x64 = Debug|x64
		Debug|x86 = Debug|x86
		Release|x64 = Release|x64
		Release|x86 = Release|x86
	EndGlobalSection
	GlobalSection(ProjectConfigurationPlatforms) = postSolution
		{CA3F8794-0442-429C-B558-B2004116171B}.Debug|x64.ActiveCfg = Debug|x64
		{CA3F8794-0442-429C-B558-B2004116171B}.Debug|x64.Build.0 = Debug|x64
		{CA3F8794-0442-429C-B558-B2004116171B}.Debug|x86.ActiveCfg = Debug|Win32
		{CA3F8794-0442-429C-B558-B2004116171B}.Debug|x86.Build.0 = Debug|Win32
		{CA3F8794-0442-429C-B558-B2004116171B}.Release|x64.ActiveCfg = Release|x64
		{CA3F8794-0442-429C-B558-B2004116171B}.Release|x64.Build.0 = Release|x64
		{CA3F8794-0442-429C-B558-B2004116171B}.Release|x86.ActiveCfg = Release|Win32
		{CA3F8794-0442-429C-B558-B2004116171B}.Release|x86.Build.0 = Release|Win32
	EndGlobalSection
	GlobalSection(SolutionProperties) = preSolution
		HideSolutionNode = FALSE
	EndGlobalSection
	GlobalSection(ExtensibilityGlobals) = postSolution
		SolutionGuid = {50CB40E9-26BB-4C98-986C-579B93C689A2}
	EndGlobalSection
EndGlobal
